
Microsoft Visual Studio Solution File, Format Version 12.00
# Visual Studio Version 17
VisualStudioVersion = 17.3.32811.315
MinimumVisualStudioVersion = 10.0.40219.1
Project("{FAE04EC0-301F-11D3-BF4B-00C04F79EFBC}") = "MyKeyVaultDemoApp", "MyKeyVaultDemoApp.csproj", "{DAD8175F-8DCD-4FC1-9394-1DBB1CABEB14}"
EndProject
Global
	GlobalSection(SolutionConfigurationPlatforms) = preSolution
		Debug|Any CPU = Debug|Any CPU
		Release|Any CPU = Release|Any CPU
	EndGlobalSection
	GlobalSection(ProjectConfigurationPlatforms) = postSolution
		{DAD8175F-8DCD-4FC1-9394-1DBB1CABEB14}.Debug|Any CPU.ActiveCfg = Debug|Any CPU
		{DAD8175F-8DCD-4FC1-9394-1DBB1CABEB14}.Debug|Any CPU.Build.0 = Debug|Any CPU
		{DAD8175F-8DCD-4FC1-9394-1DBB1CABEB14}.Release|Any CPU.ActiveCfg = Release|Any CPU
		{DAD8175F-8DCD-4FC1-9394-1DBB1CABEB14}.Release|Any CPU.Build.0 = Release|Any CPU
	EndGlobalSection
	GlobalSection(SolutionProperties) = preSolution
		HideSolutionNode = FALSE
	EndGlobalSection
	GlobalSection(ExtensibilityGlobals) = postSolution
		SolutionGuid = {E14BA015-043E-4C4C-9C3E-CE712E12924D}
	EndGlobalSection
EndGlobal
